
Microsoft Visual Studio Solution File, Format Version 12.00
# Visual Studio Version 16
VisualStudioVersion = 16.0.32428.217
MinimumVisualStudioVersion = 10.0.40219.1
Project("{FAE04EC0-301F-11D3-BF4B-00C04F79EFBC}") = "ReverseStringLeapwork", "ReverseStringLeapwork\ReverseStringLeapwork.csproj", "{4DA08E9C-5D96-46EE-BFDE-9DE0BBADAB9C}"
EndProject
Project("{FAE04EC0-301F-11D3-BF4B-00C04F79EFBC}") = "ReverseStringLeapwork.Abstractions", "ReverseStringLeapwork.Abstraction\ReverseStringLeapwork.Abstractions.csproj", "{60B3485A-3833-430D-B145-B1CDD49E6690}"
EndProject
Project("{FAE04EC0-301F-11D3-BF4B-00C04F79EFBC}") = "ReverseStringLeapwork.Services", "ReverseStringLeapwork.Services\ReverseStringLeapwork.Services.csproj", "{52BDB79E-D697-4F2D-8840-6270DA8D692C}"
EndProject
Project("{FAE04EC0-301F-11D3-BF4B-00C04F79EFBC}") = "ReverseStringLeapwork.Engines", "ReverseStringLeapwork.Engines\ReverseStringLeapwork.Engines.csproj", "{2CD2B0F1-631F-42AD-AA60-64A725216E69}"
EndProject
Project("{FAE04EC0-301F-11D3-BF4B-00C04F79EFBC}") = "ReverseStringApp", "ReverseStringApp\ReverseStringApp.csproj", "{99B6F720-C8EC-4DA9-9FCC-3A73913CCA72}"
EndProject
Global
	GlobalSection(SolutionConfigurationPlatforms) = preSolution
		Debug|Any CPU = Debug|Any CPU
		Release|Any CPU = Release|Any CPU
	EndGlobalSection
	GlobalSection(ProjectConfigurationPlatforms) = postSolution
		{4DA08E9C-5D96-46EE-BFDE-9DE0BBADAB9C}.Debug|Any CPU.ActiveCfg = Debug|Any CPU
		{4DA08E9C-5D96-46EE-BFDE-9DE0BBADAB9C}.Debug|Any CPU.Build.0 = Debug|Any CPU
		{4DA08E9C-5D96-46EE-BFDE-9DE0BBADAB9C}.Release|Any CPU.ActiveCfg = Release|Any CPU
		{4DA08E9C-5D96-46EE-BFDE-9DE0BBADAB9C}.Release|Any CPU.Build.0 = Release|Any CPU
		{60B3485A-3833-430D-B145-B1CDD49E6690}.Debug|Any CPU.ActiveCfg = Debug|Any CPU
		{60B3485A-3833-430D-B145-B1CDD49E6690}.Debug|Any CPU.Build.0 = Debug|Any CPU
		{60B3485A-3833-430D-B145-B1CDD49E6690}.Release|Any CPU.ActiveCfg = Release|Any CPU
		{60B3485A-3833-430D-B145-B1CDD49E6690}.Release|Any CPU.Build.0 = Release|Any CPU
		{52BDB79E-D697-4F2D-8840-6270DA8D692C}.Debug|Any CPU.ActiveCfg = Debug|Any CPU
		{52BDB79E-D697-4F2D-8840-6270DA8D692C}.Debug|Any CPU.Build.0 = Debug|Any CPU
		{52BDB79E-D697-4F2D-8840-6270DA8D692C}.Release|Any CPU.ActiveCfg = Release|Any CPU
		{52BDB79E-D697-4F2D-8840-6270DA8D692C}.Release|Any CPU.Build.0 = Release|Any CPU
		{2CD2B0F1-631F-42AD-AA60-64A725216E69}.Debug|Any CPU.ActiveCfg = Debug|Any CPU
		{2CD2B0F1-631F-42AD-AA60-64A725216E69}.Debug|Any CPU.Build.0 = Debug|Any CPU
		{2CD2B0F1-631F-42AD-AA60-64A725216E69}.Release|Any CPU.ActiveCfg = Release|Any CPU
		{2CD2B0F1-631F-42AD-AA60-64A725216E69}.Release|Any CPU.Build.0 = Release|Any CPU
		{99B6F720-C8EC-4DA9-9FCC-3A73913CCA72}.Debug|Any CPU.ActiveCfg = Debug|Any CPU
		{99B6F720-C8EC-4DA9-9FCC-3A73913CCA72}.Debug|Any CPU.Build.0 = Debug|Any CPU
		{99B6F720-C8EC-4DA9-9FCC-3A73913CCA72}.Release|Any CPU.ActiveCfg = Release|Any CPU
		{99B6F720-C8EC-4DA9-9FCC-3A73913CCA72}.Release|Any CPU.Build.0 = Release|Any CPU
	EndGlobalSection
	GlobalSection(SolutionProperties) = preSolution
		HideSolutionNode = FALSE
	EndGlobalSection
	GlobalSection(ExtensibilityGlobals) = postSolution
		SolutionGuid = {830C07D4-885D-4408-AEAC-5E79E2B1F288}
	EndGlobalSection
EndGlobal
